# This file is generated by running "yarn install" inside your project.
# Manual changes might be lost - proceed with caution!

__metadata:
  version: 6
  cacheKey: 8

"@adraffy/ens-normalize@npm:1.8.9":
  version: 1.8.9
  resolution: "@adraffy/ens-normalize@npm:1.8.9"
  checksum: 17791dce03a4320a88c377136c48d0c16ac3e5b07aad321d028c8342fcf821b95c0082cd269cddd488472d1273e8157ae101f2e4e7f9e6be42667ed7ab9614d9
  languageName: node
  linkType: hard

"@noble/hashes@npm:1.1.2":
  version: 1.1.2
  resolution: "@noble/hashes@npm:1.1.2"
  checksum: 3c2a8cb7c2e053811032f242155d870c5eb98844d924d69702244d48804cb03b42d4a666c49c2b71164420d8229cb9a6f242b972d50d5bb2f1d673b98b041de2
  languageName: node
  linkType: hard

"@noble/hashes@npm:1.2.0, @noble/hashes@npm:~1.2.0":
  version: 1.2.0
  resolution: "@noble/hashes@npm:1.2.0"
  checksum: 8ca080ce557b8f40fb2f78d3aedffd95825a415ac8e13d7ffe3643f8626a8c2d99a3e5975b555027ac24316d8b3c02a35b8358567c0c23af681e6573602aa434
  languageName: node
  linkType: hard

"@noble/secp256k1@npm:1.7.1, @noble/secp256k1@npm:~1.7.0":
  version: 1.7.1
  resolution: "@noble/secp256k1@npm:1.7.1"
  checksum: d2301f1f7690368d8409a3152450458f27e54df47e3f917292de3de82c298770890c2de7c967d237eff9c95b70af485389a9695f73eb05a43e2bd562d18b18cb
  languageName: node
  linkType: hard

"@scure/base@npm:~1.1.0":
  version: 1.1.1
  resolution: "@scure/base@npm:1.1.1"
  checksum: b4fc810b492693e7e8d0107313ac74c3646970c198bbe26d7332820886fa4f09441991023ec9aa3a2a51246b74409ab5ebae2e8ef148bbc253da79ac49130309
  languageName: node
  linkType: hard

"@scure/bip32@npm:1.1.5":
  version: 1.1.5
  resolution: "@scure/bip32@npm:1.1.5"
  dependencies:
    "@noble/hashes": ~1.2.0
    "@noble/secp256k1": ~1.7.0
    "@scure/base": ~1.1.0
  checksum: b08494ab0d2b1efee7226d1b5100db5157ebea22a78bb87126982a76a186cb3048413e8be0ba2622d00d048a20acbba527af730de86c132a77de616eb9907a3b
  languageName: node
  linkType: hard

"@scure/bip39@npm:1.1.1":
  version: 1.1.1
  resolution: "@scure/bip39@npm:1.1.1"
  dependencies:
    "@noble/hashes": ~1.2.0
    "@scure/base": ~1.1.0
  checksum: fbb594c50696fa9c14e891d872f382e50a3f919b6c96c55ef2fb10c7102c546dafb8f099a62bd114c12a00525b595dcf7381846f383f0ddcedeaa6e210747d2f
  languageName: node
  linkType: hard

"aes-js@npm:4.0.0-beta.3":
  version: 4.0.0-beta.3
  resolution: "aes-js@npm:4.0.0-beta.3"
  checksum: 2336feee1e4a7722f5b6ede192b0a22881fd6f9310b36ec10e62b6f015f9fddf812c1d8a61b9743ab710811fd0b0d7aad844178f11e7cb1439bbc14246c6c93e
  languageName: node
  linkType: hard

"ethereum-cryptography@npm:^1.2.0":
  version: 1.2.0
  resolution: "ethereum-cryptography@npm:1.2.0"
  dependencies:
    "@noble/hashes": 1.2.0
    "@noble/secp256k1": 1.7.1
    "@scure/bip32": 1.1.5
    "@scure/bip39": 1.1.1
  checksum: 97e8e8253cb9f5a9271bd0201c37609c451c890eb85883b9c564f14743c3d7c673287406c93bf5604307593ee298ad9a03983388b85c11ca61461b9fc1a4f2c7
  languageName: node
  linkType: hard

"ethers@npm:^6.1.0":
  version: 6.1.0
  resolution: "ethers@npm:6.1.0"
  dependencies:
    "@adraffy/ens-normalize": 1.8.9
    "@noble/hashes": 1.1.2
    "@noble/secp256k1": 1.7.1
    aes-js: 4.0.0-beta.3
    tslib: 2.4.0
    ws: 8.5.0
  checksum: a216c3e84f93851ed0effe6cf611926ec276e1227ed970dca2e138e8bca953db746bbe8807deec18473d5d4608a2602fca53993ef97ad62b2f6859b4ca20f101
  languageName: node
  linkType: hard

"my-crypto-wallet@workspace:.":
  version: 0.0.0-use.local
  resolution: "my-crypto-wallet@workspace:."
  dependencies:
    ethereum-cryptography: ^1.2.0
    ethers: ^6.1.0
  languageName: unknown
  linkType: soft

"tslib@npm:2.4.0":
  version: 2.4.0
  resolution: "tslib@npm:2.4.0"
  checksum: 8c4aa6a3c5a754bf76aefc38026134180c053b7bd2f81338cb5e5ebf96fefa0f417bff221592bf801077f5bf990562f6264fecbc42cd3309b33872cb6fc3b113
  languageName: node
  linkType: hard

"ws@npm:8.5.0":
  version: 8.5.0
  resolution: "ws@npm:8.5.0"
  peerDependencies:
    bufferutil: ^4.0.1
    utf-8-validate: ^5.0.2
  peerDependenciesMeta:
    bufferutil:
      optional: true
    utf-8-validate:
      optional: true
  checksum: 76f2f90e40344bf18fd544194e7067812fb1372b2a37865678d8f12afe4b478ff2ebc0c7c0aff82cd5e6b66fc43d889eec0f1865c2365d8f7a66d92da7744a77
  languageName: node
  linkType: hard
